Microsoft Visual Studio Solution File, Format Version 12.00
# Visual Studio 14
VisualStudioVersion = 14.0.25420.1
MinimumVisualStudioVersion = 10.0.40219.1
Project("{FAE04EC0-301F-11D3-BF4B-00C04F79EFBC}") = "DockProjects", "DockProjects\DockProjects.csproj", "{103EDC9B-FFA0-4752-A905-FCC7A0724213}"
EndProject
Project("{2150E333-8FDC-42A3-9474-1A3956D46DE8}") = "NET", "NET", "{29C5C0A8-973F-48F2-BA1B-ED3E75708C8C}"
	ProjectSection(SolutionItems) = preProject
		DockProjects\App.config = DockProjects\App.config
	EndProjectSection
EndProject
Project("{2150E333-8FDC-42A3-9474-1A3956D46DE8}") = "Editor", "Editor", "{8A5C835A-0583-4112-9461-25028663536C}"
EndProject
Project("{FAE04EC0-301F-11D3-BF4B-00C04F79EFBC}") = "VSExplorer", "VSExplorer\VSExplorer.csproj", "{8F760944-16E1-404E-8353-288E38B9A19D}"
	ProjectSection(ProjectDependencies) = postProject
		{C75532C4-765B-418E-B09B-46D36B2ABDB1} = {C75532C4-765B-418E-B09B-46D36B2ABDB1}
	EndProjectSection
EndProject
Project("{2150E333-8FDC-42A3-9474-1A3956D46DE8}") = "NUNIT", "NUNIT", "{F1582F6F-CEE1-43B5-8534-E91FBCF50250}"
EndProject
Project("{2150E333-8FDC-42A3-9474-1A3956D46DE8}") = "PowerShell", "PowerShell", "{933AFECF-2B4F-4605-911A-DCF30553C251}"
EndProject
Project("{2150E333-8FDC-42A3-9474-1A3956D46DE8}") = "Formatters", "Formatters", "{71082E68-932A-4B46-BEE6-BF522CCCC959}"
EndProject
Project("{2150E333-8FDC-42A3-9474-1A3956D46DE8}") = "MSBuild", "MSBuild", "{3B7CB076-AFF4-413C-8B09-4F8E45C0311B}"
EndProject
Project("{FAE04EC0-301F-11D3-BF4B-00C04F79EFBC}") = "VSParsers", "VSParser\VSParsers.csproj", "{91FEF9D7-5376-4EA4-BE09-CFB0EBB083FD}"
EndProject
Project("{FAE04EC0-301F-11D3-BF4B-00C04F79EFBC}") = "Loggers", "MSBuild\TCPLogger\Loggers.csproj", "{0DA0A71D-59A3-446E-A28B-63EF0AE70EBE}"
EndProject
Project("{FAE04EC0-301F-11D3-BF4B-00C04F79EFBC}") = "Microsoft.DotNet.CodeFormatting", "Formatters\Microsoft.DotNet.CodeFormatting\Microsoft.DotNet.CodeFormatting.csproj", "{D535641F-A2D7-481C-930D-96C02F052B95}"
EndProject
Project("{FAE04EC0-301F-11D3-BF4B-00C04F79EFBC}") = "Commandlets", "PowerShell\Commandlets\Commandlets.csproj", "{472EB8E4-C43F-4F54-B964-D3A34368DCD3}"
EndProject
Project("{FAE04EC0-301F-11D3-BF4B-00C04F79EFBC}") = "GACManagerApi", "NET\GACManagerApi\GACManagerApi.csproj", "{2909743E-72FF-48BF-A081-E61A73D2E6EC}"
EndProject
Project("{FAE04EC0-301F-11D3-BF4B-00C04F79EFBC}") = "GACProject", "NET\GACProject\GACProject.csproj", "{5DF52008-1897-488C-8AFF-C764447DE35C}"
EndProject
Project("{FAE04EC0-301F-11D3-BF4B-00C04F79EFBC}") = "MetadataHelper", "NET\MetadataHelper\MetadataHelper.csproj", "{4A34A3C5-6176-49D7-A4C5-B2B671247F8F}"
EndProject
Project("{FAE04EC0-301F-11D3-BF4B-00C04F79EFBC}") = "MetadataModel", "NET\MetadataModel\MetadataModel.csproj", "{33CAB640-0D03-43DF-81BD-22CDC6C0A597}"
EndProject
Project("{FAE04EC0-301F-11D3-BF4B-00C04F79EFBC}") = "PeReader", "NET\PeReader\PeReader.csproj", "{34B9A0CE-DF18-4CBC-8F7A-90C2B74338D5}"
EndProject
Project("{FAE04EC0-301F-11D3-BF4B-00C04F79EFBC}") = "cs-syntax", "NUNIT\syntax\cs-syntax.csproj", "{06F46FA2-687B-4B46-A912-C1B0B4CC1B20}"
EndProject
Project("{FAE04EC0-301F-11D3-BF4B-00C04F79EFBC}") = "nunit.uikit", "NUNIT\nunit.uikit\nunit.uikit.csproj", "{353BC38A-FFB9-4CAC-A542-AFBF016D2629}"
EndProject
Project("{FAE04EC0-301F-11D3-BF4B-00C04F79EFBC}") = "nunit-gui", "NUNIT\nunit-gui\nunit-gui.csproj", "{9E15166C-D2B7-4B24-AB1C-1C69FFCEC9D3}"
EndProject
Project("{FAE04EC0-301F-11D3-BF4B-00C04F79EFBC}") = "CodeEditor", "Editor\CodeEditor\CodeEditor.csproj", "{94BFA44A-F4D0-4605-88E6-3ADD498F5E16}"
EndProject
Project("{FAE04EC0-301F-11D3-BF4B-00C04F79EFBC}") = "ScriptControl", "Editor\Script Editor\Script Control\Project\ScriptControl.csproj", "{9DCFA218-4E5F-4106-B14C-CAB7C0705AD0}"
EndProject
Project("{FAE04EC0-301F-11D3-BF4B-00C04F79EFBC}") = "CodeEditor.SyntaxDocument", "Editor\SyntaxDocument\CodeEditor.SyntaxDocument.csproj", "{3F43BAB0-22B4-4FD6-9655-8BA214A093A5}"
EndProject
Project("{FAE04EC0-301F-11D3-BF4B-00C04F79EFBC}") = "CodeEditor.SyntaxFiles", "Editor\SyntaxFiles\CodeEditor.SyntaxFiles.csproj", "{3814F627-858A-42A3-9AAF-CD649413F2A8}"
EndProject
Project("{FAE04EC0-301F-11D3-BF4B-00C04F79EFBC}") = "ProfilerNET", "NET\ProfilerNET\ProfilerNET.csproj", "{F98589E9-D0CE-4C4C-B629-7804F768190B}"
EndProject
Project("{2150E333-8FDC-42A3-9474-1A3956D46DE8}") = "Debuggers", "Debuggers", "{8BF81D36-5A4A-44C2-B479-4ECA4BFABD1B}"
EndProject
Project("{2150E333-8FDC-42A3-9474-1A3956D46DE8}") = "MDB", "MDB", "{2074B599-2364-4330-975B-119E617EACFE}"
EndProject
Project("{FAE04EC0-301F-11D3-BF4B-00C04F79EFBC}") = "corapi", "Debuggers\MDB\corapi\corapi.csproj", "{04EF9865-E1B1-403D-802B-E4FAEA50A634}"
EndProject
Project("{FAE04EC0-301F-11D3-BF4B-00C04F79EFBC}") = "enc", "Debuggers\MDB\enc\enc.csproj", "{A910DCDE-4794-4796-819A-B79E0E6FFD50}"
EndProject
Project("{FAE04EC0-301F-11D3-BF4B-00C04F79EFBC}") = "ildasm", "Debuggers\MDB\ildasm\ildasm.csproj", "{A05817CB-7957-4EA4-AA05-2FF911A388AB}"
EndProject
Project("{FAE04EC0-301F-11D3-BF4B-00C04F79EFBC}") = "mdbgeng", "Debuggers\MDB\mdbgeng\mdbgeng.csproj", "{634B90A2-0344-44C5-83F0-06180B2FDA05}"
EndProject
Project("{FAE04EC0-301F-11D3-BF4B-00C04F79EFBC}") = "mdbgext", "Debuggers\MDB\mdbgext\mdbgext.csproj", "{1511F9E6-6AC4-4F3F-863D-3430469A7335}"
EndProject
Project("{FAE04EC0-301F-11D3-BF4B-00C04F79EFBC}") = "NativeDebugWrappers", "Debuggers\MDB\NativeDebugWrappers\NativeDebugWrappers.csproj", "{3991AB6C-468B-4C28-95FC-3188CFB34180}"
EndProject
Project("{FAE04EC0-301F-11D3-BF4B-00C04F79EFBC}") = "raw", "Debuggers\MDB\raw\raw.csproj", "{C18D303B-2C55-43EB-A3DF-39CF3FB1D447}"
EndProject
Project("{FAE04EC0-301F-11D3-BF4B-00C04F79EFBC}") = "ThemeVS2010", "Editor\WinFormsUI\ThemeVS2010.csproj", "{E9EFE270-83BC-4D18-A1BF-7902BA8B83D6}"
EndProject
Project("{FAE04EC0-301F-11D3-BF4B-00C04F79EFBC}") = "ThemeVS2012", "Editor\WinFormsUI\ThemeVS2012.csproj", "{4ED4FDB5-9FD0-49E6-876D-1635F727C755}"
EndProject
Project("{FAE04EC0-301F-11D3-BF4B-00C04F79EFBC}") = "ThemeVS2013", "Editor\WinFormsUI\ThemeVS2013.csproj", "{245E07F6-10D5-4CFA-B003-0DEB06B223DA}"
EndProject
Project("{FAE04EC0-301F-11D3-BF4B-00C04F79EFBC}") = "ThemeVS2015", "Editor\WinFormsUI\ThemeVS2015.csproj", "{007D4AC8-948F-4816-86AD-B9D1343672C1}"
EndProject
Project("{FAE04EC0-301F-11D3-BF4B-00C04F79EFBC}") = "WinFormsUI", "Editor\WinFormsUI\WinFormsUI.csproj", "{C75532C4-765B-418E-B09B-46D36B2ABDB1}"
EndProject
Global
	GlobalSection(SolutionConfigurationPlatforms) = preSolution
		Debug|Any CPU = Debug|Any CPU
		Debug|x86 = Debug|x86
		NightlyDebug|Any CPU = NightlyDebug|Any CPU
		NightlyDebug|x86 = NightlyDebug|x86
		NightlyRelease|Any CPU = NightlyRelease|Any CPU
		NightlyRelease|x86 = NightlyRelease|x86
		Release|Any CPU = Release|Any CPU
		Release|x86 = Release|x86
	EndGlobalSection
	GlobalSection(ProjectConfigurationPlatforms) = postSolution
		{103EDC9B-FFA0-4752-A905-FCC7A0724213}.Debug|Any CPU.ActiveCfg = Debug|Any CPU
		{103EDC9B-FFA0-4752-A905-FCC7A0724213}.Debug|Any CPU.Build.0 = Debug|Any CPU
		{103EDC9B-FFA0-4752-A905-FCC7A0724213}.Debug|x86.ActiveCfg = Debug|Any CPU
		{103EDC9B-FFA0-4752-A905-FCC7A0724213}.NightlyDebug|Any CPU.ActiveCfg = Debug|Any CPU
		{103EDC9B-FFA0-4752-A905-FCC7A0724213}.NightlyDebug|Any CPU.Build.0 = Debug|Any CPU
		{103EDC9B-FFA0-4752-A905-FCC7A0724213}.NightlyDebug|x86.ActiveCfg = Debug|Any CPU
		{103EDC9B-FFA0-4752-A905-FCC7A0724213}.NightlyRelease|Any CPU.ActiveCfg = Release|Any CPU
		{103EDC9B-FFA0-4752-A905-FCC7A0724213}.NightlyRelease|Any CPU.Build.0 = Release|Any CPU
		{103EDC9B-FFA0-4752-A905-FCC7A0724213}.NightlyRelease|x86.ActiveCfg = Release|Any CPU
		{103EDC9B-FFA0-4752-A905-FCC7A0724213}.Release|Any CPU.ActiveCfg = Release|Any CPU
		{103EDC9B-FFA0-4752-A905-FCC7A0724213}.Release|Any CPU.Build.0 = Release|Any CPU
		{103EDC9B-FFA0-4752-A905-FCC7A0724213}.Release|x86.ActiveCfg = Release|Any CPU
		{8F760944-16E1-404E-8353-288E38B9A19D}.Debug|Any CPU.ActiveCfg = Debug|Any CPU
		{8F760944-16E1-404E-8353-288E38B9A19D}.Debug|Any CPU.Build.0 = Debug|Any CPU
		{8F760944-16E1-404E-8353-288E38B9A19D}.Debug|x86.ActiveCfg = Debug|Any CPU
		{8F760944-16E1-404E-8353-288E38B9A19D}.Debug|x86.Build.0 = Debug|Any CPU
		{8F760944-16E1-404E-8353-288E38B9A19D}.NightlyDebug|Any CPU.ActiveCfg = Debug|Any CPU
		{8F760944-16E1-404E-8353-288E38B9A19D}.NightlyDebug|Any CPU.Build.0 = Debug|Any CPU
		{8F760944-16E1-404E-8353-288E38B9A19D}.NightlyDebug|x86.ActiveCfg = Debug|Any CPU
		{8F760944-16E1-404E-8353-288E38B9A19D}.NightlyDebug|x86.Build.0 = Debug|Any CPU
		{8F760944-16E1-404E-8353-288E38B9A19D}.NightlyRelease|Any CPU.ActiveCfg = Release|Any CPU
		{8F760944-16E1-404E-8353-288E38B9A19D}.NightlyRelease|Any CPU.Build.0 = Release|Any CPU
		{8F760944-16E1-404E-8353-288E38B9A19D}.NightlyRelease|x86.ActiveCfg = Release|Any CPU
		{8F760944-16E1-404E-8353-288E38B9A19D}.NightlyRelease|x86.Build.0 = Release|Any CPU
		{8F760944-16E1-404E-8353-288E38B9A19D}.Release|Any CPU.ActiveCfg = Release|Any CPU
		{8F760944-16E1-404E-8353-288E38B9A19D}.Release|Any CPU.Build.0 = Release|Any CPU
		{8F760944-16E1-404E-8353-288E38B9A19D}.Release|x86.ActiveCfg = Release|Any CPU
		{8F760944-16E1-404E-8353-288E38B9A19D}.Release|x86.Build.0 = Release|Any CPU
		{91FEF9D7-5376-4EA4-BE09-CFB0EBB083FD}.Debug|Any CPU.ActiveCfg = Debug|Any CPU
		{91FEF9D7-5376-4EA4-BE09-CFB0EBB083FD}.Debug|Any CPU.Build.0 = Debug|Any CPU
		{91FEF9D7-5376-4EA4-BE09-CFB0EBB083FD}.Debug|x86.ActiveCfg = Debug|Any CPU
		{91FEF9D7-5376-4EA4-BE09-CFB0EBB083FD}.Debug|x86.Build.0 = Debug|Any CPU
		{91FEF9D7-5376-4EA4-BE09-CFB0EBB083FD}.NightlyDebug|Any CPU.ActiveCfg = Debug|Any CPU
		{91FEF9D7-5376-4EA4-BE09-CFB0EBB083FD}.NightlyDebug|Any CPU.Build.0 = Debug|Any CPU
		{91FEF9D7-5376-4EA4-BE09-CFB0EBB083FD}.NightlyDebug|x86.ActiveCfg = Debug|Any CPU
		{91FEF9D7-5376-4EA4-BE09-CFB0EBB083FD}.NightlyDebug|x86.Build.0 = Debug|Any CPU
		{91FEF9D7-5376-4EA4-BE09-CFB0EBB083FD}.NightlyRelease|Any CPU.ActiveCfg = Release|Any CPU
		{91FEF9D7-5376-4EA4-BE09-CFB0EBB083FD}.NightlyRelease|Any CPU.Build.0 = Release|Any CPU
		{91FEF9D7-5376-4EA4-BE09-CFB0EBB083FD}.NightlyRelease|x86.ActiveCfg = Release|Any CPU
		{91FEF9D7-5376-4EA4-BE09-CFB0EBB083FD}.NightlyRelease|x86.Build.0 = Release|Any CPU
		{91FEF9D7-5376-4EA4-BE09-CFB0EBB083FD}.Release|Any CPU.ActiveCfg = Release|Any CPU
		{91FEF9D7-5376-4EA4-BE09-CFB0EBB083FD}.Release|Any CPU.Build.0 = Release|Any CPU
		{91FEF9D7-5376-4EA4-BE09-CFB0EBB083FD}.Release|x86.ActiveCfg = Release|Any CPU
		{91FEF9D7-5376-4EA4-BE09-CFB0EBB083FD}.Release|x86.Build.0 = Release|Any CPU
		{0DA0A71D-59A3-446E-A28B-63EF0AE70EBE}.Debug|Any CPU.ActiveCfg = Debug|Any CPU
		{0DA0A71D-59A3-446E-A28B-63EF0AE70EBE}.Debug|Any CPU.Build.0 = Debug|Any CPU
		{0DA0A71D-59A3-446E-A28B-63EF0AE70EBE}.Debug|x86.ActiveCfg = Debug|Any CPU
		{0DA0A71D-59A3-446E-A28B-63EF0AE70EBE}.Debug|x86.Build.0 = Debug|Any CPU
		{0DA0A71D-59A3-446E-A28B-63EF0AE70EBE}.NightlyDebug|Any CPU.ActiveCfg = Debug|Any CPU
		{0DA0A71D-59A3-446E-A28B-63EF0AE70EBE}.NightlyDebug|Any CPU.Build.0 = Debug|Any CPU
		{0DA0A71D-59A3-446E-A28B-63EF0AE70EBE}.NightlyDebug|x86.ActiveCfg = Debug|Any CPU
		{0DA0A71D-59A3-446E-A28B-63EF0AE70EBE}.NightlyDebug|x86.Build.0 = Debug|Any CPU
		{0DA0A71D-59A3-446E-A28B-63EF0AE70EBE}.NightlyRelease|Any CPU.ActiveCfg = Release|Any CPU
		{0DA0A71D-59A3-446E-A28B-63EF0AE70EBE}.NightlyRelease|Any CPU.Build.0 = Release|Any CPU
		{0DA0A71D-59A3-446E-A28B-63EF0AE70EBE}.NightlyRelease|x86.ActiveCfg = Release|Any CPU
		{0DA0A71D-59A3-446E-A28B-63EF0AE70EBE}.NightlyRelease|x86.Build.0 = Release|Any CPU
		{0DA0A71D-59A3-446E-A28B-63EF0AE70EBE}.Release|Any CPU.ActiveCfg = Release|Any CPU
		{0DA0A71D-59A3-446E-A28B-63EF0AE70EBE}.Release|Any CPU.Build.0 = Release|Any CPU
		{0DA0A71D-59A3-446E-A28B-63EF0AE70EBE}.Release|x86.ActiveCfg = Release|Any CPU
		{0DA0A71D-59A3-446E-A28B-63EF0AE70EBE}.Release|x86.Build.0 = Release|Any CPU
		{D535641F-A2D7-481C-930D-96C02F052B95}.Debug|Any CPU.ActiveCfg = Debug|Any CPU
		{D535641F-A2D7-481C-930D-96C02F052B95}.Debug|Any CPU.Build.0 = Debug|Any CPU
		{D535641F-A2D7-481C-930D-96C02F052B95}.Debug|x86.ActiveCfg = Debug|Any CPU
		{D535641F-A2D7-481C-930D-96C02F052B95}.Debug|x86.Build.0 = Debug|Any CPU
		{D535641F-A2D7-481C-930D-96C02F052B95}.NightlyDebug|Any CPU.ActiveCfg = Debug|Any CPU
		{D535641F-A2D7-481C-930D-96C02F052B95}.NightlyDebug|Any CPU.Build.0 = Debug|Any CPU
		{D535641F-A2D7-481C-930D-96C02F052B95}.NightlyDebug|x86.ActiveCfg = Debug|Any CPU
		{D535641F-A2D7-481C-930D-96C02F052B95}.NightlyDebug|x86.Build.0 = Debug|Any CPU
		{D535641F-A2D7-481C-930D-96C02F052B95}.NightlyRelease|Any CPU.ActiveCfg = Release|Any CPU
		{D535641F-A2D7-481C-930D-96C02F052B95}.NightlyRelease|Any CPU.Build.0 = Release|Any CPU
		{D535641F-A2D7-481C-930D-96C02F052B95}.NightlyRelease|x86.ActiveCfg = Release|Any CPU
		{D535641F-A2D7-481C-930D-96C02F052B95}.NightlyRelease|x86.Build.0 = Release|Any CPU
		{D535641F-A2D7-481C-930D-96C02F052B95}.Release|Any CPU.ActiveCfg = Release|Any CPU
		{D535641F-A2D7-481C-930D-96C02F052B95}.Release|Any CPU.Build.0 = Release|Any CPU
		{D535641F-A2D7-481C-930D-96C02F052B95}.Release|x86.ActiveCfg = Release|Any CPU
		{D535641F-A2D7-481C-930D-96C02F052B95}.Release|x86.Build.0 = Release|Any CPU
		{472EB8E4-C43F-4F54-B964-D3A34368DCD3}.Debug|Any CPU.ActiveCfg = Debug|Any CPU
		{472EB8E4-C43F-4F54-B964-D3A34368DCD3}.Debug|Any CPU.Build.0 = Debug|Any CPU
		{472EB8E4-C43F-4F54-B964-D3A34368DCD3}.Debug|x86.ActiveCfg = Debug|Any CPU
		{472EB8E4-C43F-4F54-B964-D3A34368DCD3}.Debug|x86.Build.0 = Debug|Any CPU
		{472EB8E4-C43F-4F54-B964-D3A34368DCD3}.NightlyDebug|Any CPU.ActiveCfg = Debug|Any CPU
		{472EB8E4-C43F-4F54-B964-D3A34368DCD3}.NightlyDebug|Any CPU.Build.0 = Debug|Any CPU
		{472EB8E4-C43F-4F54-B964-D3A34368DCD3}.NightlyDebug|x86.ActiveCfg = Debug|Any CPU
		{472EB8E4-C43F-4F54-B964-D3A34368DCD3}.NightlyDebug|x86.Build.0 = Debug|Any CPU
		{472EB8E4-C43F-4F54-B964-D3A34368DCD3}.NightlyRelease|Any CPU.ActiveCfg = Release|Any CPU
		{472EB8E4-C43F-4F54-B964-D3A34368DCD3}.NightlyRelease|Any CPU.Build.0 = Release|Any CPU
		{472EB8E4-C43F-4F54-B964-D3A34368DCD3}.NightlyRelease|x86.ActiveCfg = Release|Any CPU
		{472EB8E4-C43F-4F54-B964-D3A34368DCD3}.NightlyRelease|x86.Build.0 = Release|Any CPU
		{472EB8E4-C43F-4F54-B964-D3A34368DCD3}.Release|Any CPU.ActiveCfg = Release|Any CPU
		{472EB8E4-C43F-4F54-B964-D3A34368DCD3}.Release|Any CPU.Build.0 = Release|Any CPU
		{472EB8E4-C43F-4F54-B964-D3A34368DCD3}.Release|x86.ActiveCfg = Release|Any CPU
		{472EB8E4-C43F-4F54-B964-D3A34368DCD3}.Release|x86.Build.0 = Release|Any CPU
		{2909743E-72FF-48BF-A081-E61A73D2E6EC}.Debug|Any CPU.ActiveCfg = Debug|Any CPU
		{2909743E-72FF-48BF-A081-E61A73D2E6EC}.Debug|Any CPU.Build.0 = Debug|Any CPU
		{2909743E-72FF-48BF-A081-E61A73D2E6EC}.Debug|x86.ActiveCfg = Debug|Any CPU
		{2909743E-72FF-48BF-A081-E61A73D2E6EC}.Debug|x86.Build.0 = Debug|Any CPU
		{2909743E-72FF-48BF-A081-E61A73D2E6EC}.NightlyDebug|Any CPU.ActiveCfg = Debug|Any CPU
		{2909743E-72FF-48BF-A081-E61A73D2E6EC}.NightlyDebug|Any CPU.Build.0 = Debug|Any CPU
		{2909743E-72FF-48BF-A081-E61A73D2E6EC}.NightlyDebug|x86.ActiveCfg = Debug|Any CPU
		{2909743E-72FF-48BF-A081-E61A73D2E6EC}.NightlyDebug|x86.Build.0 = Debug|Any CPU
		{2909743E-72FF-48BF-A081-E61A73D2E6EC}.NightlyRelease|Any CPU.ActiveCfg = Release|Any CPU
		{2909743E-72FF-48BF-A081-E61A73D2E6EC}.NightlyRelease|Any CPU.Build.0 = Release|Any CPU
		{2909743E-72FF-48BF-A081-E61A73D2E6EC}.NightlyRelease|x86.ActiveCfg = Release|Any CPU
		{2909743E-72FF-48BF-A081-E61A73D2E6EC}.NightlyRelease|x86.Build.0 = Release|Any CPU
		{2909743E-72FF-48BF-A081-E61A73D2E6EC}.Release|Any CPU.ActiveCfg = Release|Any CPU
		{2909743E-72FF-48BF-A081-E61A73D2E6EC}.Release|Any CPU.Build.0 = Release|Any CPU
		{2909743E-72FF-48BF-A081-E61A73D2E6EC}.Release|x86.ActiveCfg = Release|Any CPU
		{2909743E-72FF-48BF-A081-E61A73D2E6EC}.Release|x86.Build.0 = Release|Any CPU
		{5DF52008-1897-488C-8AFF-C764447DE35C}.Debug|Any CPU.ActiveCfg = Debug|Any CPU
		{5DF52008-1897-488C-8AFF-C764447DE35C}.Debug|Any CPU.Build.0 = Debug|Any CPU
		{5DF52008-1897-488C-8AFF-C764447DE35C}.Debug|x86.ActiveCfg = Debug|Any CPU
		{5DF52008-1897-488C-8AFF-C764447DE35C}.Debug|x86.Build.0 = Debug|Any CPU
		{5DF52008-1897-488C-8AFF-C764447DE35C}.NightlyDebug|Any CPU.ActiveCfg = Debug|Any CPU
		{5DF52008-1897-488C-8AFF-C764447DE35C}.NightlyDebug|Any CPU.Build.0 = Debug|Any CPU
		{5DF52008-1897-488C-8AFF-C764447DE35C}.NightlyDebug|x86.ActiveCfg = Debug|Any CPU
		{5DF52008-1897-488C-8AFF-C764447DE35C}.NightlyDebug|x86.Build.0 = Debug|Any CPU
		{5DF52008-1897-488C-8AFF-C764447DE35C}.NightlyRelease|Any CPU.ActiveCfg = Release|Any CPU
		{5DF52008-1897-488C-8AFF-C764447DE35C}.NightlyRelease|Any CPU.Build.0 = Release|Any CPU
		{5DF52008-1897-488C-8AFF-C764447DE35C}.NightlyRelease|x86.ActiveCfg = Release|Any CPU
		{5DF52008-1897-488C-8AFF-C764447DE35C}.NightlyRelease|x86.Build.0 = Release|Any CPU
		{5DF52008-1897-488C-8AFF-C764447DE35C}.Release|Any CPU.ActiveCfg = Release|Any CPU
		{5DF52008-1897-488C-8AFF-C764447DE35C}.Release|Any CPU.Build.0 = Release|Any CPU
		{5DF52008-1897-488C-8AFF-C764447DE35C}.Release|x86.ActiveCfg = Release|Any CPU
		{5DF52008-1897-488C-8AFF-C764447DE35C}.Release|x86.Build.0 = Release|Any CPU
		{4A34A3C5-6176-49D7-A4C5-B2B671247F8F}.Debug|Any CPU.ActiveCfg = Debug|Any CPU
		{4A34A3C5-6176-49D7-A4C5-B2B671247F8F}.Debug|Any CPU.Build.0 = Debug|Any CPU
		{4A34A3C5-6176-49D7-A4C5-B2B671247F8F}.Debug|x86.ActiveCfg = Debug|Any CPU
		{4A34A3C5-6176-49D7-A4C5-B2B671247F8F}.Debug|x86.Build.0 = Debug|Any CPU
		{4A34A3C5-6176-49D7-A4C5-B2B671247F8F}.NightlyDebug|Any CPU.ActiveCfg = NightlyDebug|Any CPU
		{4A34A3C5-6176-49D7-A4C5-B2B671247F8F}.NightlyDebug|Any CPU.Build.0 = NightlyDebug|Any CPU
		{4A34A3C5-6176-49D7-A4C5-B2B671247F8F}.NightlyDebug|x86.ActiveCfg = NightlyDebug|Any CPU
		{4A34A3C5-6176-49D7-A4C5-B2B671247F8F}.NightlyDebug|x86.Build.0 = NightlyDebug|Any CPU
		{4A34A3C5-6176-49D7-A4C5-B2B671247F8F}.NightlyRelease|Any CPU.ActiveCfg = NightlyRelease|Any CPU
		{4A34A3C5-6176-49D7-A4C5-B2B671247F8F}.NightlyRelease|Any CPU.Build.0 = NightlyRelease|Any CPU
		{4A34A3C5-6176-49D7-A4C5-B2B671247F8F}.NightlyRelease|x86.ActiveCfg = NightlyRelease|Any CPU
		{4A34A3C5-6176-49D7-A4C5-B2B671247F8F}.NightlyRelease|x86.Build.0 = NightlyRelease|Any CPU
		{4A34A3C5-6176-49D7-A4C5-B2B671247F8F}.Release|Any CPU.ActiveCfg = Release|Any CPU
		{4A34A3C5-6176-49D7-A4C5-B2B671247F8F}.Release|Any CPU.Build.0 = Release|Any CPU
		{4A34A3C5-6176-49D7-A4C5-B2B671247F8F}.Release|x86.ActiveCfg = Release|Any CPU
		{4A34A3C5-6176-49D7-A4C5-B2B671247F8F}.Release|x86.Build.0 = Release|Any CPU
		{33CAB640-0D03-43DF-81BD-22CDC6C0A597}.Debug|Any CPU.ActiveCfg = Debug|Any CPU
		{33CAB640-0D03-43DF-81BD-22CDC6C0A597}.Debug|Any CPU.Build.0 = Debug|Any CPU
		{33CAB640-0D03-43DF-81BD-22CDC6C0A597}.Debug|x86.ActiveCfg = Debug|Any CPU
		{33CAB640-0D03-43DF-81BD-22CDC6C0A597}.Debug|x86.Build.0 = Debug|Any CPU
		{33CAB640-0D03-43DF-81BD-22CDC6C0A597}.NightlyDebug|Any CPU.ActiveCfg = NightlyDebug|Any CPU
		{33CAB640-0D03-43DF-81BD-22CDC6C0A597}.NightlyDebug|Any CPU.Build.0 = NightlyDebug|Any CPU
		{33CAB640-0D03-43DF-81BD-22CDC6C0A597}.NightlyDebug|x86.ActiveCfg = NightlyDebug|Any CPU
		{33CAB640-0D03-43DF-81BD-22CDC6C0A597}.NightlyDebug|x86.Build.0 = NightlyDebug|Any CPU
		{33CAB640-0D03-43DF-81BD-22CDC6C0A597}.NightlyRelease|Any CPU.ActiveCfg = NightlyRelease|Any CPU
		{33CAB640-0D03-43DF-81BD-22CDC6C0A597}.NightlyRelease|Any CPU.Build.0 = NightlyRelease|Any CPU
		{33CAB640-0D03-43DF-81BD-22CDC6C0A597}.NightlyRelease|x86.ActiveCfg = NightlyRelease|Any CPU
		{33CAB640-0D03-43DF-81BD-22CDC6C0A597}.NightlyRelease|x86.Build.0 = NightlyRelease|Any CPU
		{33CAB640-0D03-43DF-81BD-22CDC6C0A597}.Release|Any CPU.ActiveCfg = Release|Any CPU
		{33CAB640-0D03-43DF-81BD-22CDC6C0A597}.Release|Any CPU.Build.0 = Release|Any CPU
		{33CAB640-0D03-43DF-81BD-22CDC6C0A597}.Release|x86.ActiveCfg = Release|Any CPU
		{33CAB640-0D03-43DF-81BD-22CDC6C0A597}.Release|x86.Build.0 = Release|Any CPU
		{34B9A0CE-DF18-4CBC-8F7A-90C2B74338D5}.Debug|Any CPU.ActiveCfg = Debug|Any CPU
		{34B9A0CE-DF18-4CBC-8F7A-90C2B74338D5}.Debug|Any CPU.Build.0 = Debug|Any CPU
		{34B9A0CE-DF18-4CBC-8F7A-90C2B74338D5}.Debug|x86.ActiveCfg = Debug|Any CPU
		{34B9A0CE-DF18-4CBC-8F7A-90C2B74338D5}.Debug|x86.Build.0 = Debug|Any CPU
		{34B9A0CE-DF18-4CBC-8F7A-90C2B74338D5}.NightlyDebug|Any CPU.ActiveCfg = Debug|Any CPU
		{34B9A0CE-DF18-4CBC-8F7A-90C2B74338D5}.NightlyDebug|Any CPU.Build.0 = Debug|Any CPU
		{34B9A0CE-DF18-4CBC-8F7A-90C2B74338D5}.NightlyDebug|x86.ActiveCfg = Debug|Any CPU
		{34B9A0CE-DF18-4CBC-8F7A-90C2B74338D5}.NightlyDebug|x86.Build.0 = Debug|Any CPU
		{34B9A0CE-DF18-4CBC-8F7A-90C2B74338D5}.NightlyRelease|Any CPU.ActiveCfg = Release|Any CPU
		{34B9A0CE-DF18-4CBC-8F7A-90C2B74338D5}.NightlyRelease|Any CPU.Build.0 = Release|Any CPU
		{34B9A0CE-DF18-4CBC-8F7A-90C2B74338D5}.NightlyRelease|x86.ActiveCfg = Release|Any CPU
		{34B9A0CE-DF18-4CBC-8F7A-90C2B74338D5}.NightlyRelease|x86.Build.0 = Release|Any CPU
		{34B9A0CE-DF18-4CBC-8F7A-90C2B74338D5}.Release|Any CPU.ActiveCfg = Release|Any CPU
		{34B9A0CE-DF18-4CBC-8F7A-90C2B74338D5}.Release|Any CPU.Build.0 = Release|Any CPU
		{34B9A0CE-DF18-4CBC-8F7A-90C2B74338D5}.Release|x86.ActiveCfg = Release|Any CPU
		{34B9A0CE-DF18-4CBC-8F7A-90C2B74338D5}.Release|x86.Build.0 = Release|Any CPU
		{06F46FA2-687B-4B46-A912-C1B0B4CC1B20}.Debug|Any CPU.ActiveCfg = Debug|Any CPU
		{06F46FA2-687B-4B46-A912-C1B0B4CC1B20}.Debug|Any CPU.Build.0 = Debug|Any CPU
		{06F46FA2-687B-4B46-A912-C1B0B4CC1B20}.Debug|x86.ActiveCfg = Debug|Any CPU
		{06F46FA2-687B-4B46-A912-C1B0B4CC1B20}.Debug|x86.Build.0 = Debug|Any CPU
		{06F46FA2-687B-4B46-A912-C1B0B4CC1B20}.NightlyDebug|Any CPU.ActiveCfg = Debug|Any CPU
		{06F46FA2-687B-4B46-A912-C1B0B4CC1B20}.NightlyDebug|Any CPU.Build.0 = Debug|Any CPU
		{06F46FA2-687B-4B46-A912-C1B0B4CC1B20}.NightlyDebug|x86.ActiveCfg = Debug|Any CPU
		{06F46FA2-687B-4B46-A912-C1B0B4CC1B20}.NightlyDebug|x86.Build.0 = Debug|Any CPU
		{06F46FA2-687B-4B46-A912-C1B0B4CC1B20}.NightlyRelease|Any CPU.ActiveCfg = Release|Any CPU
		{06F46FA2-687B-4B46-A912-C1B0B4CC1B20}.NightlyRelease|Any CPU.Build.0 = Release|Any CPU
		{06F46FA2-687B-4B46-A912-C1B0B4CC1B20}.NightlyRelease|x86.ActiveCfg = Release|Any CPU
		{06F46FA2-687B-4B46-A912-C1B0B4CC1B20}.NightlyRelease|x86.Build.0 = Release|Any CPU
		{06F46FA2-687B-4B46-A912-C1B0B4CC1B20}.Release|Any CPU.ActiveCfg = Release|Any CPU
		{06F46FA2-687B-4B46-A912-C1B0B4CC1B20}.Release|Any CPU.Build.0 = Release|Any CPU
		{06F46FA2-687B-4B46-A912-C1B0B4CC1B20}.Release|x86.ActiveCfg = Release|Any CPU
		{06F46FA2-687B-4B46-A912-C1B0B4CC1B20}.Release|x86.Build.0 = Release|Any CPU
		{353BC38A-FFB9-4CAC-A542-AFBF016D2629}.Debug|Any CPU.ActiveCfg = Debug|Any CPU
		{353BC38A-FFB9-4CAC-A542-AFBF016D2629}.Debug|Any CPU.Build.0 = Debug|Any CPU
		{353BC38A-FFB9-4CAC-A542-AFBF016D2629}.Debug|x86.ActiveCfg = Debug|Any CPU
		{353BC38A-FFB9-4CAC-A542-AFBF016D2629}.Debug|x86.Build.0 = Debug|Any CPU
		{353BC38A-FFB9-4CAC-A542-AFBF016D2629}.NightlyDebug|Any CPU.ActiveCfg = Debug|Any CPU
		{353BC38A-FFB9-4CAC-A542-AFBF016D2629}.NightlyDebug|Any CPU.Build.0 = Debug|Any CPU
		{353BC38A-FFB9-4CAC-A542-AFBF016D2629}.NightlyDebug|x86.ActiveCfg = Debug|Any CPU
		{353BC38A-FFB9-4CAC-A542-AFBF016D2629}.NightlyDebug|x86.Build.0 = Debug|Any CPU
		{353BC38A-FFB9-4CAC-A542-AFBF016D2629}.NightlyRelease|Any CPU.ActiveCfg = Release|Any CPU
		{353BC38A-FFB9-4CAC-A542-AFBF016D2629}.NightlyRelease|Any CPU.Build.0 = Release|Any CPU
		{353BC38A-FFB9-4CAC-A542-AFBF016D2629}.NightlyRelease|x86.ActiveCfg = Release|Any CPU
		{353BC38A-FFB9-4CAC-A542-AFBF016D2629}.NightlyRelease|x86.Build.0 = Release|Any CPU
		{353BC38A-FFB9-4CAC-A542-AFBF016D2629}.Release|Any CPU.ActiveCfg = Release|Any CPU
		{353BC38A-FFB9-4CAC-A542-AFBF016D2629}.Release|Any CPU.Build.0 = Release|Any CPU
		{353BC38A-FFB9-4CAC-A542-AFBF016D2629}.Release|x86.ActiveCfg = Release|Any CPU
		{353BC38A-FFB9-4CAC-A542-AFBF016D2629}.Release|x86.Build.0 = Release|Any CPU
		{9E15166C-D2B7-4B24-AB1C-1C69FFCEC9D3}.Debug|Any CPU.ActiveCfg = Debug|Any CPU
		{9E15166C-D2B7-4B24-AB1C-1C69FFCEC9D3}.Debug|Any CPU.Build.0 = Debug|Any CPU
		{9E15166C-D2B7-4B24-AB1C-1C69FFCEC9D3}.Debug|x86.ActiveCfg = Debug|Any CPU
		{9E15166C-D2B7-4B24-AB1C-1C69FFCEC9D3}.Debug|x86.Build.0 = Debug|Any CPU
		{9E15166C-D2B7-4B24-AB1C-1C69FFCEC9D3}.NightlyDebug|Any CPU.ActiveCfg = Debug|Any CPU
		{9E15166C-D2B7-4B24-AB1C-1C69FFCEC9D3}.NightlyDebug|Any CPU.Build.0 = Debug|Any CPU
		{9E15166C-D2B7-4B24-AB1C-1C69FFCEC9D3}.NightlyDebug|x86.ActiveCfg = Debug|Any CPU
		{9E15166C-D2B7-4B24-AB1C-1C69FFCEC9D3}.NightlyDebug|x86.Build.0 = Debug|Any CPU
		{9E15166C-D2B7-4B24-AB1C-1C69FFCEC9D3}.NightlyRelease|Any CPU.ActiveCfg = Release|Any CPU
		{9E15166C-D2B7-4B24-AB1C-1C69FFCEC9D3}.NightlyRelease|Any CPU.Build.0 = Release|Any CPU
		{9E15166C-D2B7-4B24-AB1C-1C69FFCEC9D3}.NightlyRelease|x86.ActiveCfg = Release|Any CPU
		{9E15166C-D2B7-4B24-AB1C-1C69FFCEC9D3}.NightlyRelease|x86.Build.0 = Release|Any CPU
		{9E15166C-D2B7-4B24-AB1C-1C69FFCEC9D3}.Release|Any CPU.ActiveCfg = Release|Any CPU
		{9E15166C-D2B7-4B24-AB1C-1C69FFCEC9D3}.Release|Any CPU.Build.0 = Release|Any CPU
		{9E15166C-D2B7-4B24-AB1C-1C69FFCEC9D3}.Release|x86.ActiveCfg = Release|Any CPU
		{9E15166C-D2B7-4B24-AB1C-1C69FFCEC9D3}.Release|x86.Build.0 = Release|Any CPU
		{94BFA44A-F4D0-4605-88E6-3ADD498F5E16}.Debug|Any CPU.ActiveCfg = Debug|Any CPU
		{94BFA44A-F4D0-4605-88E6-3ADD498F5E16}.Debug|Any CPU.Build.0 = Debug|Any CPU
		{94BFA44A-F4D0-4605-88E6-3ADD498F5E16}.Debug|x86.ActiveCfg = Debug|Any CPU
		{94BFA44A-F4D0-4605-88E6-3ADD498F5E16}.Debug|x86.Build.0 = Debug|Any CPU
		{94BFA44A-F4D0-4605-88E6-3ADD498F5E16}.NightlyDebug|Any CPU.ActiveCfg = Debug|Any CPU
		{94BFA44A-F4D0-4605-88E6-3ADD498F5E16}.NightlyDebug|Any CPU.Build.0 = Debug|Any CPU
		{94BFA44A-F4D0-4605-88E6-3ADD498F5E16}.NightlyDebug|x86.ActiveCfg = Debug|Any CPU
		{94BFA44A-F4D0-4605-88E6-3ADD498F5E16}.NightlyDebug|x86.Build.0 = Debug|Any CPU
		{94BFA44A-F4D0-4605-88E6-3ADD498F5E16}.NightlyRelease|Any CPU.ActiveCfg = Release|Any CPU
		{94BFA44A-F4D0-4605-88E6-3ADD498F5E16}.NightlyRelease|Any CPU.Build.0 = Release|Any CPU
		{94BFA44A-F4D0-4605-88E6-3ADD498F5E16}.NightlyRelease|x86.ActiveCfg = Release|Any CPU
		{94BFA44A-F4D0-4605-88E6-3ADD498F5E16}.NightlyRelease|x86.Build.0 = Release|Any CPU
		{94BFA44A-F4D0-4605-88E6-3ADD498F5E16}.Release|Any CPU.ActiveCfg = Release|Any CPU
		{94BFA44A-F4D0-4605-88E6-3ADD498F5E16}.Release|Any CPU.Build.0 = Release|Any CPU
		{94BFA44A-F4D0-4605-88E6-3ADD498F5E16}.Release|x86.ActiveCfg = Release|Any CPU
		{94BFA44A-F4D0-4605-88E6-3ADD498F5E16}.Release|x86.Build.0 = Release|Any CPU
		{9DCFA218-4E5F-4106-B14C-CAB7C0705AD0}.Debug|Any CPU.ActiveCfg = Debug|Any CPU
		{9DCFA218-4E5F-4106-B14C-CAB7C0705AD0}.Debug|Any CPU.Build.0 = Debug|Any CPU
		{9DCFA218-4E5F-4106-B14C-CAB7C0705AD0}.Debug|x86.ActiveCfg = Debug|Any CPU
		{9DCFA218-4E5F-4106-B14C-CAB7C0705AD0}.Debug|x86.Build.0 = Debug|Any CPU
		{9DCFA218-4E5F-4106-B14C-CAB7C0705AD0}.NightlyDebug|Any CPU.ActiveCfg = Debug|Any CPU
		{9DCFA218-4E5F-4106-B14C-CAB7C0705AD0}.NightlyDebug|Any CPU.Build.0 = Debug|Any CPU
		{9DCFA218-4E5F-4106-B14C-CAB7C0705AD0}.NightlyDebug|x86.ActiveCfg = Debug|Any CPU
		{9DCFA218-4E5F-4106-B14C-CAB7C0705AD0}.NightlyDebug|x86.Build.0 = Debug|Any CPU
		{9DCFA218-4E5F-4106-B14C-CAB7C0705AD0}.NightlyRelease|Any CPU.ActiveCfg = Release|Any CPU
		{9DCFA218-4E5F-4106-B14C-CAB7C0705AD0}.NightlyRelease|Any CPU.Build.0 = Release|Any CPU
		{9DCFA218-4E5F-4106-B14C-CAB7C0705AD0}.NightlyRelease|x86.ActiveCfg = Release|Any CPU
		{9DCFA218-4E5F-4106-B14C-CAB7C0705AD0}.NightlyRelease|x86.Build.0 = Release|Any CPU
		{9DCFA218-4E5F-4106-B14C-CAB7C0705AD0}.Release|Any CPU.ActiveCfg = Release|Any CPU
		{9DCFA218-4E5F-4106-B14C-CAB7C0705AD0}.Release|Any CPU.Build.0 = Release|Any CPU
		{9DCFA218-4E5F-4106-B14C-CAB7C0705AD0}.Release|x86.ActiveCfg = Release|Any CPU
		{9DCFA218-4E5F-4106-B14C-CAB7C0705AD0}.Release|x86.Build.0 = Release|Any CPU
		{3F43BAB0-22B4-4FD6-9655-8BA214A093A5}.Debug|Any CPU.ActiveCfg = Debug|Any CPU
		{3F43BAB0-22B4-4FD6-9655-8BA214A093A5}.Debug|Any CPU.Build.0 = Debug|Any CPU
		{3F43BAB0-22B4-4FD6-9655-8BA214A093A5}.Debug|x86.ActiveCfg = Debug|Any CPU
		{3F43BAB0-22B4-4FD6-9655-8BA214A093A5}.Debug|x86.Build.0 = Debug|Any CPU
		{3F43BAB0-22B4-4FD6-9655-8BA214A093A5}.NightlyDebug|Any CPU.ActiveCfg = Debug|Any CPU
		{3F43BAB0-22B4-4FD6-9655-8BA214A093A5}.NightlyDebug|Any CPU.Build.0 = Debug|Any CPU
		{3F43BAB0-22B4-4FD6-9655-8BA214A093A5}.NightlyDebug|x86.ActiveCfg = Debug|Any CPU
		{3F43BAB0-22B4-4FD6-9655-8BA214A093A5}.NightlyDebug|x86.Build.0 = Debug|Any CPU
		{3F43BAB0-22B4-4FD6-9655-8BA214A093A5}.NightlyRelease|Any CPU.ActiveCfg = Release|Any CPU
		{3F43BAB0-22B4-4FD6-9655-8BA214A093A5}.NightlyRelease|Any CPU.Build.0 = Release|Any CPU
		{3F43BAB0-22B4-4FD6-9655-8BA214A093A5}.NightlyRelease|x86.ActiveCfg = Release|Any CPU
		{3F43BAB0-22B4-4FD6-9655-8BA214A093A5}.NightlyRelease|x86.Build.0 = Release|Any CPU
		{3F43BAB0-22B4-4FD6-9655-8BA214A093A5}.Release|Any CPU.ActiveCfg = Release|Any CPU
		{3F43BAB0-22B4-4FD6-9655-8BA214A093A5}.Release|Any CPU.Build.0 = Release|Any CPU
		{3F43BAB0-22B4-4FD6-9655-8BA214A093A5}.Release|x86.ActiveCfg = Release|Any CPU
		{3F43BAB0-22B4-4FD6-9655-8BA214A093A5}.Release|x86.Build.0 = Release|Any CPU
		{3814F627-858A-42A3-9AAF-CD649413F2A8}.Debug|Any CPU.ActiveCfg = Debug|Any CPU
		{3814F627-858A-42A3-9AAF-CD649413F2A8}.Debug|Any CPU.Build.0 = Debug|Any CPU
		{3814F627-858A-42A3-9AAF-CD649413F2A8}.Debug|x86.ActiveCfg = Debug|Any CPU
		{3814F627-858A-42A3-9AAF-CD649413F2A8}.Debug|x86.Build.0 = Debug|Any CPU
		{3814F627-858A-42A3-9AAF-CD649413F2A8}.NightlyDebug|Any CPU.ActiveCfg = Debug|Any CPU
		{3814F627-858A-42A3-9AAF-CD649413F2A8}.NightlyDebug|Any CPU.Build.0 = Debug|Any CPU
		{3814F627-858A-42A3-9AAF-CD649413F2A8}.NightlyDebug|x86.ActiveCfg = Debug|Any CPU
		{3814F627-858A-42A3-9AAF-CD649413F2A8}.NightlyDebug|x86.Build.0 = Debug|Any CPU
		{3814F627-858A-42A3-9AAF-CD649413F2A8}.NightlyRelease|Any CPU.ActiveCfg = Release|Any CPU
		{3814F627-858A-42A3-9AAF-CD649413F2A8}.NightlyRelease|Any CPU.Build.0 = Release|Any CPU
		{3814F627-858A-42A3-9AAF-CD649413F2A8}.NightlyRelease|x86.ActiveCfg = Release|Any CPU
		{3814F627-858A-42A3-9AAF-CD649413F2A8}.NightlyRelease|x86.Build.0 = Release|Any CPU
		{3814F627-858A-42A3-9AAF-CD649413F2A8}.Release|Any CPU.ActiveCfg = Release|Any CPU
		{3814F627-858A-42A3-9AAF-CD649413F2A8}.Release|Any CPU.Build.0 = Release|Any CPU
		{3814F627-858A-42A3-9AAF-CD649413F2A8}.Release|x86.ActiveCfg = Release|Any CPU
		{3814F627-858A-42A3-9AAF-CD649413F2A8}.Release|x86.Build.0 = Release|Any CPU
		{F98589E9-D0CE-4C4C-B629-7804F768190B}.Debug|Any CPU.ActiveCfg = Debug|Any CPU
		{F98589E9-D0CE-4C4C-B629-7804F768190B}.Debug|Any CPU.Build.0 = Debug|Any CPU
		{F98589E9-D0CE-4C4C-B629-7804F768190B}.Debug|x86.ActiveCfg = Debug|Any CPU
		{F98589E9-D0CE-4C4C-B629-7804F768190B}.Debug|x86.Build.0 = Debug|Any CPU
		{F98589E9-D0CE-4C4C-B629-7804F768190B}.NightlyDebug|Any CPU.ActiveCfg = Debug|Any CPU
		{F98589E9-D0CE-4C4C-B629-7804F768190B}.NightlyDebug|Any CPU.Build.0 = Debug|Any CPU
		{F98589E9-D0CE-4C4C-B629-7804F768190B}.NightlyDebug|x86.ActiveCfg = Debug|Any CPU
		{F98589E9-D0CE-4C4C-B629-7804F768190B}.NightlyDebug|x86.Build.0 = Debug|Any CPU
		{F98589E9-D0CE-4C4C-B629-7804F768190B}.NightlyRelease|Any CPU.ActiveCfg = Release|Any CPU
		{F98589E9-D0CE-4C4C-B629-7804F768190B}.NightlyRelease|Any CPU.Build.0 = Release|Any CPU
		{F98589E9-D0CE-4C4C-B629-7804F768190B}.NightlyRelease|x86.ActiveCfg = Release|Any CPU
		{F98589E9-D0CE-4C4C-B629-7804F768190B}.NightlyRelease|x86.Build.0 = Release|Any CPU
		{F98589E9-D0CE-4C4C-B629-7804F768190B}.Release|Any CPU.ActiveCfg = Release|Any CPU
		{F98589E9-D0CE-4C4C-B629-7804F768190B}.Release|Any CPU.Build.0 = Release|Any CPU
		{F98589E9-D0CE-4C4C-B629-7804F768190B}.Release|x86.ActiveCfg = Release|Any CPU
		{F98589E9-D0CE-4C4C-B629-7804F768190B}.Release|x86.Build.0 = Release|Any CPU
		{04EF9865-E1B1-403D-802B-E4FAEA50A634}.Debug|Any CPU.ActiveCfg = Debug|Any CPU
		{04EF9865-E1B1-403D-802B-E4FAEA50A634}.Debug|Any CPU.Build.0 = Debug|Any CPU
		{04EF9865-E1B1-403D-802B-E4FAEA50A634}.Debug|x86.ActiveCfg = Debug|Any CPU
		{04EF9865-E1B1-403D-802B-E4FAEA50A634}.Debug|x86.Build.0 = Debug|Any CPU
		{04EF9865-E1B1-403D-802B-E4FAEA50A634}.NightlyDebug|Any CPU.ActiveCfg = Debug|Any CPU
		{04EF9865-E1B1-403D-802B-E4FAEA50A634}.NightlyDebug|Any CPU.Build.0 = Debug|Any CPU
		{04EF9865-E1B1-403D-802B-E4FAEA50A634}.NightlyDebug|x86.ActiveCfg = Debug|Any CPU
		{04EF9865-E1B1-403D-802B-E4FAEA50A634}.NightlyDebug|x86.Build.0 = Debug|Any CPU
		{04EF9865-E1B1-403D-802B-E4FAEA50A634}.NightlyRelease|Any CPU.ActiveCfg = Release|Any CPU
		{04EF9865-E1B1-403D-802B-E4FAEA50A634}.NightlyRelease|Any CPU.Build.0 = Release|Any CPU
		{04EF9865-E1B1-403D-802B-E4FAEA50A634}.NightlyRelease|x86.ActiveCfg = Release|Any CPU
		{04EF9865-E1B1-403D-802B-E4FAEA50A634}.NightlyRelease|x86.Build.0 = Release|Any CPU
		{04EF9865-E1B1-403D-802B-E4FAEA50A634}.Release|Any CPU.ActiveCfg = Release|Any CPU
		{04EF9865-E1B1-403D-802B-E4FAEA50A634}.Release|Any CPU.Build.0 = Release|Any CPU
		{04EF9865-E1B1-403D-802B-E4FAEA50A634}.Release|x86.ActiveCfg = Release|Any CPU
		{04EF9865-E1B1-403D-802B-E4FAEA50A634}.Release|x86.Build.0 = Release|Any CPU
		{A910DCDE-4794-4796-819A-B79E0E6FFD50}.Debug|Any CPU.ActiveCfg = Debug|Any CPU
		{A910DCDE-4794-4796-819A-B79E0E6FFD50}.Debug|Any CPU.Build.0 = Debug|Any CPU
		{A910DCDE-4794-4796-819A-B79E0E6FFD50}.Debug|x86.ActiveCfg = Debug|Any CPU
		{A910DCDE-4794-4796-819A-B79E0E6FFD50}.Debug|x86.Build.0 = Debug|Any CPU
		{A910DCDE-4794-4796-819A-B79E0E6FFD50}.NightlyDebug|Any CPU.ActiveCfg = Debug|Any CPU
		{A910DCDE-4794-4796-819A-B79E0E6FFD50}.NightlyDebug|Any CPU.Build.0 = Debug|Any CPU
		{A910DCDE-4794-4796-819A-B79E0E6FFD50}.NightlyDebug|x86.ActiveCfg = Debug|Any CPU
		{A910DCDE-4794-4796-819A-B79E0E6FFD50}.NightlyDebug|x86.Build.0 = Debug|Any CPU
		{A910DCDE-4794-4796-819A-B79E0E6FFD50}.NightlyRelease|Any CPU.ActiveCfg = Release|Any CPU
		{A910DCDE-4794-4796-819A-B79E0E6FFD50}.NightlyRelease|Any CPU.Build.0 = Release|Any CPU
		{A910DCDE-4794-4796-819A-B79E0E6FFD50}.NightlyRelease|x86.ActiveCfg = Release|Any CPU
		{A910DCDE-4794-4796-819A-B79E0E6FFD50}.NightlyRelease|x86.Build.0 = Release|Any CPU
		{A910DCDE-4794-4796-819A-B79E0E6FFD50}.Release|Any CPU.ActiveCfg = Release|Any CPU
		{A910DCDE-4794-4796-819A-B79E0E6FFD50}.Release|Any CPU.Build.0 = Release|Any CPU
		{A910DCDE-4794-4796-819A-B79E0E6FFD50}.Release|x86.ActiveCfg = Release|Any CPU
		{A910DCDE-4794-4796-819A-B79E0E6FFD50}.Release|x86.Build.0 = Release|Any CPU
		{A05817CB-7957-4EA4-AA05-2FF911A388AB}.Debug|Any CPU.ActiveCfg = Debug|Any CPU
		{A05817CB-7957-4EA4-AA05-2FF911A388AB}.Debug|Any CPU.Build.0 = Debug|Any CPU
		{A05817CB-7957-4EA4-AA05-2FF911A388AB}.Debug|x86.ActiveCfg = Debug|Any CPU
		{A05817CB-7957-4EA4-AA05-2FF911A388AB}.Debug|x86.Build.0 = Debug|Any CPU
		{A05817CB-7957-4EA4-AA05-2FF911A388AB}.NightlyDebug|Any CPU.ActiveCfg = Debug|Any CPU
		{A05817CB-7957-4EA4-AA05-2FF911A388AB}.NightlyDebug|Any CPU.Build.0 = Debug|Any CPU
		{A05817CB-7957-4EA4-AA05-2FF911A388AB}.NightlyDebug|x86.ActiveCfg = Debug|Any CPU
		{A05817CB-7957-4EA4-AA05-2FF911A388AB}.NightlyDebug|x86.Build.0 = Debug|Any CPU
		{A05817CB-7957-4EA4-AA05-2FF911A388AB}.NightlyRelease|Any CPU.ActiveCfg = Release|Any CPU
		{A05817CB-7957-4EA4-AA05-2FF911A388AB}.NightlyRelease|Any CPU.Build.0 = Release|Any CPU
		{A05817CB-7957-4EA4-AA05-2FF911A388AB}.NightlyRelease|x86.ActiveCfg = Release|Any CPU
		{A05817CB-7957-4EA4-AA05-2FF911A388AB}.NightlyRelease|x86.Build.0 = Release|Any CPU
		{A05817CB-7957-4EA4-AA05-2FF911A388AB}.Release|Any CPU.ActiveCfg = Release|Any CPU
		{A05817CB-7957-4EA4-AA05-2FF911A388AB}.Release|Any CPU.Build.0 = Release|Any CPU
		{A05817CB-7957-4EA4-AA05-2FF911A388AB}.Release|x86.ActiveCfg = Release|Any CPU
		{A05817CB-7957-4EA4-AA05-2FF911A388AB}.Release|x86.Build.0 = Release|Any CPU
		{634B90A2-0344-44C5-83F0-06180B2FDA05}.Debug|Any CPU.ActiveCfg = Debug|Any CPU
		{634B90A2-0344-44C5-83F0-06180B2FDA05}.Debug|Any CPU.Build.0 = Debug|Any CPU
		{634B90A2-0344-44C5-83F0-06180B2FDA05}.Debug|x86.ActiveCfg = Debug|Any CPU
		{634B90A2-0344-44C5-83F0-06180B2FDA05}.Debug|x86.Build.0 = Debug|Any CPU
		{634B90A2-0344-44C5-83F0-06180B2FDA05}.NightlyDebug|Any CPU.ActiveCfg = Debug|Any CPU
		{634B90A2-0344-44C5-83F0-06180B2FDA05}.NightlyDebug|Any CPU.Build.0 = Debug|Any CPU
		{634B90A2-0344-44C5-83F0-06180B2FDA05}.NightlyDebug|x86.ActiveCfg = Debug|Any CPU
		{634B90A2-0344-44C5-83F0-06180B2FDA05}.NightlyDebug|x86.Build.0 = Debug|Any CPU
		{634B90A2-0344-44C5-83F0-06180B2FDA05}.NightlyRelease|Any CPU.ActiveCfg = Release|Any CPU
		{634B90A2-0344-44C5-83F0-06180B2FDA05}.NightlyRelease|Any CPU.Build.0 = Release|Any CPU
		{634B90A2-0344-44C5-83F0-06180B2FDA05}.NightlyRelease|x86.ActiveCfg = Release|Any CPU
		{634B90A2-0344-44C5-83F0-06180B2FDA05}.NightlyRelease|x86.Build.0 = Release|Any CPU
		{634B90A2-0344-44C5-83F0-06180B2FDA05}.Release|Any CPU.ActiveCfg = Release|Any CPU
		{634B90A2-0344-44C5-83F0-06180B2FDA05}.Release|Any CPU.Build.0 = Release|Any CPU
		{634B90A2-0344-44C5-83F0-06180B2FDA05}.Release|x86.ActiveCfg = Release|Any CPU
		{634B90A2-0344-44C5-83F0-06180B2FDA05}.Release|x86.Build.0 = Release|Any CPU
		{1511F9E6-6AC4-4F3F-863D-3430469A7335}.Debug|Any CPU.ActiveCfg = Debug|Any CPU
		{1511F9E6-6AC4-4F3F-863D-3430469A7335}.Debug|Any CPU.Build.0 = Debug|Any CPU
		{1511F9E6-6AC4-4F3F-863D-3430469A7335}.Debug|x86.ActiveCfg = Debug|Any CPU
		{1511F9E6-6AC4-4F3F-863D-3430469A7335}.Debug|x86.Build.0 = Debug|Any CPU
		{1511F9E6-6AC4-4F3F-863D-3430469A7335}.NightlyDebug|Any CPU.ActiveCfg = Debug|Any CPU
		{1511F9E6-6AC4-4F3F-863D-3430469A7335}.NightlyDebug|Any CPU.Build.0 = Debug|Any CPU
		{1511F9E6-6AC4-4F3F-863D-3430469A7335}.NightlyDebug|x86.ActiveCfg = Debug|Any CPU
		{1511F9E6-6AC4-4F3F-863D-3430469A7335}.NightlyDebug|x86.Build.0 = Debug|Any CPU
		{1511F9E6-6AC4-4F3F-863D-3430469A7335}.NightlyRelease|Any CPU.ActiveCfg = Release|Any CPU
		{1511F9E6-6AC4-4F3F-863D-3430469A7335}.NightlyRelease|Any CPU.Build.0 = Release|Any CPU
		{1511F9E6-6AC4-4F3F-863D-3430469A7335}.NightlyRelease|x86.ActiveCfg = Release|Any CPU
		{1511F9E6-6AC4-4F3F-863D-3430469A7335}.NightlyRelease|x86.Build.0 = Release|Any CPU
		{1511F9E6-6AC4-4F3F-863D-3430469A7335}.Release|Any CPU.ActiveCfg = Release|Any CPU
		{1511F9E6-6AC4-4F3F-863D-3430469A7335}.Release|Any CPU.Build.0 = Release|Any CPU
		{1511F9E6-6AC4-4F3F-863D-3430469A7335}.Release|x86.ActiveCfg = Release|Any CPU
		{1511F9E6-6AC4-4F3F-863D-3430469A7335}.Release|x86.Build.0 = Release|Any CPU
		{3991AB6C-468B-4C28-95FC-3188CFB34180}.Debug|Any CPU.ActiveCfg = Debug|Any CPU
		{3991AB6C-468B-4C28-95FC-3188CFB34180}.Debug|Any CPU.Build.0 = Debug|Any CPU
		{3991AB6C-468B-4C28-95FC-3188CFB34180}.Debug|x86.ActiveCfg = Debug|Any CPU
		{3991AB6C-468B-4C28-95FC-3188CFB34180}.Debug|x86.Build.0 = Debug|Any CPU
		{3991AB6C-468B-4C28-95FC-3188CFB34180}.NightlyDebug|Any CPU.ActiveCfg = Debug|Any CPU
		{3991AB6C-468B-4C28-95FC-3188CFB34180}.NightlyDebug|Any CPU.Build.0 = Debug|Any CPU
		{3991AB6C-468B-4C28-95FC-3188CFB34180}.NightlyDebug|x86.ActiveCfg = Debug|Any CPU
		{3991AB6C-468B-4C28-95FC-3188CFB34180}.NightlyDebug|x86.Build.0 = Debug|Any CPU
		{3991AB6C-468B-4C28-95FC-3188CFB34180}.NightlyRelease|Any CPU.ActiveCfg = Release|Any CPU
		{3991AB6C-468B-4C28-95FC-3188CFB34180}.NightlyRelease|Any CPU.Build.0 = Release|Any CPU
		{3991AB6C-468B-4C28-95FC-3188CFB34180}.NightlyRelease|x86.ActiveCfg = Release|Any CPU
		{3991AB6C-468B-4C28-95FC-3188CFB34180}.NightlyRelease|x86.Build.0 = Release|Any CPU
		{3991AB6C-468B-4C28-95FC-3188CFB34180}.Release|Any CPU.ActiveCfg = Release|Any CPU
		{3991AB6C-468B-4C28-95FC-3188CFB34180}.Release|Any CPU.Build.0 = Release|Any CPU
		{3991AB6C-468B-4C28-95FC-3188CFB34180}.Release|x86.ActiveCfg = Release|Any CPU
		{3991AB6C-468B-4C28-95FC-3188CFB34180}.Release|x86.Build.0 = Release|Any CPU
		{C18D303B-2C55-43EB-A3DF-39CF3FB1D447}.Debug|Any CPU.ActiveCfg = Debug|Any CPU
		{C18D303B-2C55-43EB-A3DF-39CF3FB1D447}.Debug|Any CPU.Build.0 = Debug|Any CPU
		{C18D303B-2C55-43EB-A3DF-39CF3FB1D447}.Debug|x86.ActiveCfg = Debug|Any CPU
		{C18D303B-2C55-43EB-A3DF-39CF3FB1D447}.Debug|x86.Build.0 = Debug|Any CPU
		{C18D303B-2C55-43EB-A3DF-39CF3FB1D447}.NightlyDebug|Any CPU.ActiveCfg = Debug|Any CPU
		{C18D303B-2C55-43EB-A3DF-39CF3FB1D447}.NightlyDebug|Any CPU.Build.0 = Debug|Any CPU
		{C18D303B-2C55-43EB-A3DF-39CF3FB1D447}.NightlyDebug|x86.ActiveCfg = Debug|Any CPU
		{C18D303B-2C55-43EB-A3DF-39CF3FB1D447}.NightlyDebug|x86.Build.0 = Debug|Any CPU
		{C18D303B-2C55-43EB-A3DF-39CF3FB1D447}.NightlyRelease|Any CPU.ActiveCfg = Release|Any CPU
		{C18D303B-2C55-43EB-A3DF-39CF3FB1D447}.NightlyRelease|Any CPU.Build.0 = Release|Any CPU
		{C18D303B-2C55-43EB-A3DF-39CF3FB1D447}.NightlyRelease|x86.ActiveCfg = Release|Any CPU
		{C18D303B-2C55-43EB-A3DF-39CF3FB1D447}.NightlyRelease|x86.Build.0 = Release|Any CPU
		{C18D303B-2C55-43EB-A3DF-39CF3FB1D447}.Release|Any CPU.ActiveCfg = Release|Any CPU
		{C18D303B-2C55-43EB-A3DF-39CF3FB1D447}.Release|Any CPU.Build.0 = Release|Any CPU
		{C18D303B-2C55-43EB-A3DF-39CF3FB1D447}.Release|x86.ActiveCfg = Release|Any CPU
		{C18D303B-2C55-43EB-A3DF-39CF3FB1D447}.Release|x86.Build.0 = Release|Any CPU
		{E9EFE270-83BC-4D18-A1BF-7902BA8B83D6}.Debug|Any CPU.ActiveCfg = Debug|Any CPU
		{E9EFE270-83BC-4D18-A1BF-7902BA8B83D6}.Debug|Any CPU.Build.0 = Debug|Any CPU
		{E9EFE270-83BC-4D18-A1BF-7902BA8B83D6}.Debug|x86.ActiveCfg = Debug|Any CPU
		{E9EFE270-83BC-4D18-A1BF-7902BA8B83D6}.Debug|x86.Build.0 = Debug|Any CPU
		{E9EFE270-83BC-4D18-A1BF-7902BA8B83D6}.NightlyDebug|Any CPU.ActiveCfg = Debug|Any CPU
		{E9EFE270-83BC-4D18-A1BF-7902BA8B83D6}.NightlyDebug|Any CPU.Build.0 = Debug|Any CPU
		{E9EFE270-83BC-4D18-A1BF-7902BA8B83D6}.NightlyDebug|x86.ActiveCfg = Debug|Any CPU
		{E9EFE270-83BC-4D18-A1BF-7902BA8B83D6}.NightlyDebug|x86.Build.0 = Debug|Any CPU
		{E9EFE270-83BC-4D18-A1BF-7902BA8B83D6}.NightlyRelease|Any CPU.ActiveCfg = Release|Any CPU
		{E9EFE270-83BC-4D18-A1BF-7902BA8B83D6}.NightlyRelease|Any CPU.Build.0 = Release|Any CPU
		{E9EFE270-83BC-4D18-A1BF-7902BA8B83D6}.NightlyRelease|x86.ActiveCfg = Release|Any CPU
		{E9EFE270-83BC-4D18-A1BF-7902BA8B83D6}.NightlyRelease|x86.Build.0 = Release|Any CPU
		{E9EFE270-83BC-4D18-A1BF-7902BA8B83D6}.Release|Any CPU.ActiveCfg = Release|Any CPU
		{E9EFE270-83BC-4D18-A1BF-7902BA8B83D6}.Release|Any CPU.Build.0 = Release|Any CPU
		{E9EFE270-83BC-4D18-A1BF-7902BA8B83D6}.Release|x86.ActiveCfg = Release|Any CPU
		{E9EFE270-83BC-4D18-A1BF-7902BA8B83D6}.Release|x86.Build.0 = Release|Any CPU
		{4ED4FDB5-9FD0-49E6-876D-1635F727C755}.Debug|Any CPU.ActiveCfg = Debug|Any CPU
		{4ED4FDB5-9FD0-49E6-876D-1635F727C755}.Debug|Any CPU.Build.0 = Debug|Any CPU
		{4ED4FDB5-9FD0-49E6-876D-1635F727C755}.Debug|x86.ActiveCfg = Debug|Any CPU
		{4ED4FDB5-9FD0-49E6-876D-1635F727C755}.Debug|x86.Build.0 = Debug|Any CPU
		{4ED4FDB5-9FD0-49E6-876D-1635F727C755}.NightlyDebug|Any CPU.ActiveCfg = Debug|Any CPU
		{4ED4FDB5-9FD0-49E6-876D-1635F727C755}.NightlyDebug|Any CPU.Build.0 = Debug|Any CPU
		{4ED4FDB5-9FD0-49E6-876D-1635F727C755}.NightlyDebug|x86.ActiveCfg = Debug|Any CPU
		{4ED4FDB5-9FD0-49E6-876D-1635F727C755}.NightlyDebug|x86.Build.0 = Debug|Any CPU
		{4ED4FDB5-9FD0-49E6-876D-1635F727C755}.NightlyRelease|Any CPU.ActiveCfg = Release|Any CPU
		{4ED4FDB5-9FD0-49E6-876D-1635F727C755}.NightlyRelease|Any CPU.Build.0 = Release|Any CPU
		{4ED4FDB5-9FD0-49E6-876D-1635F727C755}.NightlyRelease|x86.ActiveCfg = Release|Any CPU
		{4ED4FDB5-9FD0-49E6-876D-1635F727C755}.NightlyRelease|x86.Build.0 = Release|Any CPU
		{4ED4FDB5-9FD0-49E6-876D-1635F727C755}.Release|Any CPU.ActiveCfg = Release|Any CPU
		{4ED4FDB5-9FD0-49E6-876D-1635F727C755}.Release|Any CPU.Build.0 = Release|Any CPU
		{4ED4FDB5-9FD0-49E6-876D-1635F727C755}.Release|x86.ActiveCfg = Release|Any CPU
		{4ED4FDB5-9FD0-49E6-876D-1635F727C755}.Release|x86.Build.0 = Release|Any CPU
		{245E07F6-10D5-4CFA-B003-0DEB06B223DA}.Debug|Any CPU.ActiveCfg = Debug|Any CPU
		{245E07F6-10D5-4CFA-B003-0DEB06B223DA}.Debug|Any CPU.Build.0 = Debug|Any CPU
		{245E07F6-10D5-4CFA-B003-0DEB06B223DA}.Debug|x86.ActiveCfg = Debug|Any CPU
		{245E07F6-10D5-4CFA-B003-0DEB06B223DA}.Debug|x86.Build.0 = Debug|Any CPU
		{245E07F6-10D5-4CFA-B003-0DEB06B223DA}.NightlyDebug|Any CPU.ActiveCfg = Debug|Any CPU
		{245E07F6-10D5-4CFA-B003-0DEB06B223DA}.NightlyDebug|Any CPU.Build.0 = Debug|Any CPU
		{245E07F6-10D5-4CFA-B003-0DEB06B223DA}.NightlyDebug|x86.ActiveCfg = Debug|Any CPU
		{245E07F6-10D5-4CFA-B003-0DEB06B223DA}.NightlyDebug|x86.Build.0 = Debug|Any CPU
		{245E07F6-10D5-4CFA-B003-0DEB06B223DA}.NightlyRelease|Any CPU.ActiveCfg = Release|Any CPU
		{245E07F6-10D5-4CFA-B003-0DEB06B223DA}.NightlyRelease|Any CPU.Build.0 = Release|Any CPU
		{245E07F6-10D5-4CFA-B003-0DEB06B223DA}.NightlyRelease|x86.ActiveCfg = Release|Any CPU
		{245E07F6-10D5-4CFA-B003-0DEB06B223DA}.NightlyRelease|x86.Build.0 = Release|Any CPU
		{245E07F6-10D5-4CFA-B003-0DEB06B223DA}.Release|Any CPU.ActiveCfg = Release|Any CPU
		{245E07F6-10D5-4CFA-B003-0DEB06B223DA}.Release|Any CPU.Build.0 = Release|Any CPU
		{245E07F6-10D5-4CFA-B003-0DEB06B223DA}.Release|x86.ActiveCfg = Release|Any CPU
		{245E07F6-10D5-4CFA-B003-0DEB06B223DA}.Release|x86.Build.0 = Release|Any CPU
		{007D4AC8-948F-4816-86AD-B9D1343672C1}.Debug|Any CPU.ActiveCfg = Debug|Any CPU
		{007D4AC8-948F-4816-86AD-B9D1343672C1}.Debug|Any CPU.Build.0 = Debug|Any CPU
		{007D4AC8-948F-4816-86AD-B9D1343672C1}.Debug|x86.ActiveCfg = Debug|Any CPU
		{007D4AC8-948F-4816-86AD-B9D1343672C1}.Debug|x86.Build.0 = Debug|Any CPU
		{007D4AC8-948F-4816-86AD-B9D1343672C1}.NightlyDebug|Any CPU.ActiveCfg = Debug|Any CPU
		{007D4AC8-948F-4816-86AD-B9D1343672C1}.NightlyDebug|Any CPU.Build.0 = Debug|Any CPU
		{007D4AC8-948F-4816-86AD-B9D1343672C1}.NightlyDebug|x86.ActiveCfg = Debug|Any CPU
		{007D4AC8-948F-4816-86AD-B9D1343672C1}.NightlyDebug|x86.Build.0 = Debug|Any CPU
		{007D4AC8-948F-4816-86AD-B9D1343672C1}.NightlyRelease|Any CPU.ActiveCfg = Release|Any CPU
		{007D4AC8-948F-4816-86AD-B9D1343672C1}.NightlyRelease|Any CPU.Build.0 = Release|Any CPU
		{007D4AC8-948F-4816-86AD-B9D1343672C1}.NightlyRelease|x86.ActiveCfg = Release|Any CPU
		{007D4AC8-948F-4816-86AD-B9D1343672C1}.NightlyRelease|x86.Build.0 = Release|Any CPU
		{007D4AC8-948F-4816-86AD-B9D1343672C1}.Release|Any CPU.ActiveCfg = Release|Any CPU
		{007D4AC8-948F-4816-86AD-B9D1343672C1}.Release|Any CPU.Build.0 = Release|Any CPU
		{007D4AC8-948F-4816-86AD-B9D1343672C1}.Release|x86.ActiveCfg = Release|Any CPU
		{007D4AC8-948F-4816-86AD-B9D1343672C1}.Release|x86.Build.0 = Release|Any CPU
		{C75532C4-765B-418E-B09B-46D36B2ABDB1}.Debug|Any CPU.ActiveCfg = Debug|Any CPU
		{C75532C4-765B-418E-B09B-46D36B2ABDB1}.Debug|Any CPU.Build.0 = Debug|Any CPU
		{C75532C4-765B-418E-B09B-46D36B2ABDB1}.Debug|x86.ActiveCfg = Debug|Any CPU
		{C75532C4-765B-418E-B09B-46D36B2ABDB1}.Debug|x86.Build.0 = Debug|Any CPU
		{C75532C4-765B-418E-B09B-46D36B2ABDB1}.NightlyDebug|Any CPU.ActiveCfg = Debug|Any CPU
		{C75532C4-765B-418E-B09B-46D36B2ABDB1}.NightlyDebug|Any CPU.Build.0 = Debug|Any CPU
		{C75532C4-765B-418E-B09B-46D36B2ABDB1}.NightlyDebug|x86.ActiveCfg = Debug|Any CPU
		{C75532C4-765B-418E-B09B-46D36B2ABDB1}.NightlyDebug|x86.Build.0 = Debug|Any CPU
		{C75532C4-765B-418E-B09B-46D36B2ABDB1}.NightlyRelease|Any CPU.ActiveCfg = Release|Any CPU
		{C75532C4-765B-418E-B09B-46D36B2ABDB1}.NightlyRelease|Any CPU.Build.0 = Release|Any CPU
		{C75532C4-765B-418E-B09B-46D36B2ABDB1}.NightlyRelease|x86.ActiveCfg = Release|Any CPU
		{C75532C4-765B-418E-B09B-46D36B2ABDB1}.NightlyRelease|x86.Build.0 = Release|Any CPU
		{C75532C4-765B-418E-B09B-46D36B2ABDB1}.Release|Any CPU.ActiveCfg = Release|Any CPU
		{C75532C4-765B-418E-B09B-46D36B2ABDB1}.Release|Any CPU.Build.0 = Release|Any CPU
		{C75532C4-765B-418E-B09B-46D36B2ABDB1}.Release|x86.ActiveCfg = Release|Any CPU
		{C75532C4-765B-418E-B09B-46D36B2ABDB1}.Release|x86.Build.0 = Release|Any CPU
	EndGlobalSection
	GlobalSection(SolutionProperties) = preSolution
		HideSolutionNode = FALSE
	EndGlobalSection
	GlobalSection(NestedProjects) = preSolution
		{0DA0A71D-59A3-446E-A28B-63EF0AE70EBE} = {3B7CB076-AFF4-413C-8B09-4F8E45C0311B}
		{D535641F-A2D7-481C-930D-96C02F052B95} = {71082E68-932A-4B46-BEE6-BF522CCCC959}
		{472EB8E4-C43F-4F54-B964-D3A34368DCD3} = {933AFECF-2B4F-4605-911A-DCF30553C251}
		{2909743E-72FF-48BF-A081-E61A73D2E6EC} = {29C5C0A8-973F-48F2-BA1B-ED3E75708C8C}
		{5DF52008-1897-488C-8AFF-C764447DE35C} = {29C5C0A8-973F-48F2-BA1B-ED3E75708C8C}
		{4A34A3C5-6176-49D7-A4C5-B2B671247F8F} = {29C5C0A8-973F-48F2-BA1B-ED3E75708C8C}
		{33CAB640-0D03-43DF-81BD-22CDC6C0A597} = {29C5C0A8-973F-48F2-BA1B-ED3E75708C8C}
		{34B9A0CE-DF18-4CBC-8F7A-90C2B74338D5} = {29C5C0A8-973F-48F2-BA1B-ED3E75708C8C}
		{06F46FA2-687B-4B46-A912-C1B0B4CC1B20} = {F1582F6F-CEE1-43B5-8534-E91FBCF50250}
		{353BC38A-FFB9-4CAC-A542-AFBF016D2629} = {F1582F6F-CEE1-43B5-8534-E91FBCF50250}
		{9E15166C-D2B7-4B24-AB1C-1C69FFCEC9D3} = {F1582F6F-CEE1-43B5-8534-E91FBCF50250}
		{94BFA44A-F4D0-4605-88E6-3ADD498F5E16} = {8A5C835A-0583-4112-9461-25028663536C}
		{9DCFA218-4E5F-4106-B14C-CAB7C0705AD0} = {8A5C835A-0583-4112-9461-25028663536C}
		{3F43BAB0-22B4-4FD6-9655-8BA214A093A5} = {8A5C835A-0583-4112-9461-25028663536C}
		{3814F627-858A-42A3-9AAF-CD649413F2A8} = {8A5C835A-0583-4112-9461-25028663536C}
		{F98589E9-D0CE-4C4C-B629-7804F768190B} = {29C5C0A8-973F-48F2-BA1B-ED3E75708C8C}
		{2074B599-2364-4330-975B-119E617EACFE} = {8BF81D36-5A4A-44C2-B479-4ECA4BFABD1B}
		{04EF9865-E1B1-403D-802B-E4FAEA50A634} = {2074B599-2364-4330-975B-119E617EACFE}
		{A910DCDE-4794-4796-819A-B79E0E6FFD50} = {2074B599-2364-4330-975B-119E617EACFE}
		{A05817CB-7957-4EA4-AA05-2FF911A388AB} = {2074B599-2364-4330-975B-119E617EACFE}
		{634B90A2-0344-44C5-83F0-06180B2FDA05} = {2074B599-2364-4330-975B-119E617EACFE}
		{1511F9E6-6AC4-4F3F-863D-3430469A7335} = {2074B599-2364-4330-975B-119E617EACFE}
		{3991AB6C-468B-4C28-95FC-3188CFB34180} = {2074B599-2364-4330-975B-119E617EACFE}
		{C18D303B-2C55-43EB-A3DF-39CF3FB1D447} = {2074B599-2364-4330-975B-119E617EACFE}
		{E9EFE270-83BC-4D18-A1BF-7902BA8B83D6} = {8A5C835A-0583-4112-9461-25028663536C}
		{4ED4FDB5-9FD0-49E6-876D-1635F727C755} = {8A5C835A-0583-4112-9461-25028663536C}
		{245E07F6-10D5-4CFA-B003-0DEB06B223DA} = {8A5C835A-0583-4112-9461-25028663536C}
		{007D4AC8-948F-4816-86AD-B9D1343672C1} = {8A5C835A-0583-4112-9461-25028663536C}
		{C75532C4-765B-418E-B09B-46D36B2ABDB1} = {8A5C835A-0583-4112-9461-25028663536C}
	EndGlobalSection
EndGlobal
